// !$*UTF8*$!
{
	archiveVersion = 1;
	classes = {
	};
	objectVersion = 46;
	objects = {
/* Begin PBXBuildFile section */
		1D3623260D0F684500981E51 /* AppDelegate.m in Sources */ = {isa = PBXBuildFile; fileRef = 1D3623250D0F684500981E51 /* AppDelegate.m */; };
		1D60589B0D05DD56006BFB54 /* main.m in Sources */ = {isa = PBXBuildFile; fileRef = 29B97316FDCFA39411CA2CEA /* main.m */; };
		288765FD0DF74451002DB57D /* CoreGraphics.framework in Frameworks */ = {isa = PBXBuildFile; fileRef = 288765FC0DF74451002DB57D /* CoreGraphics.framework */; };
		301BF552109A68D80062928A /* libCordova.a in Frameworks */ = {isa = PBXBuildFile; fileRef = 301BF535109A57CC0062928A /* libCordova.a */; };
		302D95F114D2391D003F00A1 /* MainViewController.m in Sources */ = {isa = PBXBuildFile; fileRef = 302D95EF14D2391D003F00A1 /* MainViewController.m */; };
		302D95F214D2391D003F00A1 /* MainViewController.xib in Resources */ = {isa = PBXBuildFile; fileRef = 302D95F014D2391D003F00A1 /* MainViewController.xib */; };
		305D5FD1115AB8F900A74A75 /* MobileCoreServices.framework in Frameworks */ = {isa = PBXBuildFile; fileRef = 305D5FD0115AB8F900A74A75 /* MobileCoreServices.framework */; };
		3088BBBD154F3926009F9C59 /* Default-Landscape@2x~ipad.png in Resources */ = {isa = PBXBuildFile; fileRef = 3088BBB7154F3926009F9C59 /* Default-Landscape@2x~ipad.png */; };
		3088BBBE154F3926009F9C59 /* Default-Landscape~ipad.png in Resources */ = {isa = PBXBuildFile; fileRef = 3088BBB8154F3926009F9C59 /* Default-Landscape~ipad.png */; };
		3088BBBF154F3926009F9C59 /* Default-Portrait@2x~ipad.png in Resources */ = {isa = PBXBuildFile; fileRef = 3088BBB9154F3926009F9C59 /* Default-Portrait@2x~ipad.png */; };
		3088BBC0154F3926009F9C59 /* Default-Portrait~ipad.png in Resources */ = {isa = PBXBuildFile; fileRef = 3088BBBA154F3926009F9C59 /* Default-Portrait~ipad.png */; };
		3088BBC1154F3926009F9C59 /* Default@2x~iphone.png in Resources */ = {isa = PBXBuildFile; fileRef = 3088BBBB154F3926009F9C59 /* Default@2x~iphone.png */; };
		3088BBC2154F3926009F9C59 /* Default~iphone.png in Resources */ = {isa = PBXBuildFile; fileRef = 3088BBBC154F3926009F9C59 /* Default~iphone.png */; };
		308D05371370CCF300D202BF /* icon-72.png in Resources */ = {isa = PBXBuildFile; fileRef = 308D052E1370CCF300D202BF /* icon-72.png */; };
		308D05381370CCF300D202BF /* icon.png in Resources */ = {isa = PBXBuildFile; fileRef = 308D052F1370CCF300D202BF /* icon.png */; };
		308D05391370CCF300D202BF /* icon@2x.png in Resources */ = {isa = PBXBuildFile; fileRef = 308D05301370CCF300D202BF /* icon@2x.png */; };
		30B4F30019D5E07200D9F7D8 /* Default-667h.png in Resources */ = {isa = PBXBuildFile; fileRef = 30B4F2FD19D5E07200D9F7D8 /* Default-667h.png */; };
		30B4F30119D5E07200D9F7D8 /* Default-736h.png in Resources */ = {isa = PBXBuildFile; fileRef = 30B4F2FE19D5E07200D9F7D8 /* Default-736h.png */; };
		30B4F30219D5E07200D9F7D8 /* Default-Landscape-736h.png in Resources */ = {isa = PBXBuildFile; fileRef = 30B4F2FF19D5E07200D9F7D8 /* Default-Landscape-736h.png */; };
		30C1856619D5FC0A00212699 /* icon-60@3x.png in Resources */ = {isa = PBXBuildFile; fileRef = 30C1856519D5FC0A00212699 /* icon-60@3x.png */; };
		30FC414916E50CA1004E6F35 /* icon-72@2x.png in Resources */ = {isa = PBXBuildFile; fileRef = 30FC414816E50CA1004E6F35 /* icon-72@2x.png */; };
		5B1594DD16A7569C00FEF299 /* AssetsLibrary.framework in Frameworks */ = {isa = PBXBuildFile; fileRef = 5B1594DC16A7569C00FEF299 /* AssetsLibrary.framework */; };
		7E7966DE1810823500FA85AD /* icon-40.png in Resources */ = {isa = PBXBuildFile; fileRef = 7E7966D41810823500FA85AD /* icon-40.png */; };
		7E7966DF1810823500FA85AD /* icon-40@2x.png in Resources */ = {isa = PBXBuildFile; fileRef = 7E7966D51810823500FA85AD /* icon-40@2x.png */; };
		7E7966E01810823500FA85AD /* icon-50.png in Resources */ = {isa = PBXBuildFile; fileRef = 7E7966D61810823500FA85AD /* icon-50.png */; };
		7E7966E11810823500FA85AD /* icon-50@2x.png in Resources */ = {isa = PBXBuildFile; fileRef = 7E7966D71810823500FA85AD /* icon-50@2x.png */; };
		7E7966E21810823500FA85AD /* icon-60.png in Resources */ = {isa = PBXBuildFile; fileRef = 7E7966D81810823500FA85AD /* icon-60.png */; };
		7E7966E31810823500FA85AD /* icon-60@2x.png in Resources */ = {isa = PBXBuildFile; fileRef = 7E7966D91810823500FA85AD /* icon-60@2x.png */; };
		7E7966E41810823500FA85AD /* icon-76.png in Resources */ = {isa = PBXBuildFile; fileRef = 7E7966DA1810823500FA85AD /* icon-76.png */; };
		7E7966E51810823500FA85AD /* icon-76@2x.png in Resources */ = {isa = PBXBuildFile; fileRef = 7E7966DB1810823500FA85AD /* icon-76@2x.png */; };
		7E7966E61810823500FA85AD /* icon-small.png in Resources */ = {isa = PBXBuildFile; fileRef = 7E7966DC1810823500FA85AD /* icon-small.png */; };
		7E7966E71810823500FA85AD /* icon-small@2x.png in Resources */ = {isa = PBXBuildFile; fileRef = 7E7966DD1810823500FA85AD /* icon-small@2x.png */; };
		D4A0D8761607E02300AEF8BB /* Default-568h@2x~iphone.png in Resources */ = {isa = PBXBuildFile; fileRef = D4A0D8751607E02300AEF8BB /* Default-568h@2x~iphone.png */; };
		9B73626A90AB4973B09CF492 /* SOSPicker.m in Sources */ = {isa = PBXBuildFile; fileRef = D2D294A24B29421991323981 /* SOSPicker.m */; };
		04A84328A92B44A29DEB0019 /* ELCAlbumPickerController.m in Sources */ = {isa = PBXBuildFile; fileRef = FD4FBBC5EA44462DABCDB922 /* ELCAlbumPickerController.m */; };
		055B3880476D48519D841B29 /* ELCAsset.m in Sources */ = {isa = PBXBuildFile; fileRef = 2C0EAD2FB34B4CFCBB864803 /* ELCAsset.m */; };
		E06FEB7AD3DD46F1A2C326B6 /* ELCAssetCell.m in Sources */ = {isa = PBXBuildFile; fileRef = EAF40299FF544A6989FA4FCA /* ELCAssetCell.m */; };
		603D6DBC7D7D49049C264A0B /* ELCAssetTablePicker.m in Sources */ = {isa = PBXBuildFile; fileRef = E9B55847C9BD4E5686D17A8E /* ELCAssetTablePicker.m */; };
		BE4AC8F567434B0DA0CD3233 /* ELCImagePickerController.m in Sources */ = {isa = PBXBuildFile; fileRef = 9A21561F00B043FEBAD57166 /* ELCImagePickerController.m */; };
		6D91D750ACEF49859C33706F /* ELCAlbumPickerController.xib in Resources */ = {isa = PBXBuildFile; fileRef = 01EA054503EF4BD1B776A21F /* ELCAlbumPickerController.xib */; };
		EBB1D3FCA1C04FD8949AE3DE /* ELCAssetPicker.xib in Resources */ = {isa = PBXBuildFile; fileRef = 02592E121FEA460CB8464AF2 /* ELCAssetPicker.xib */; };
		A09930D4C79F4EDB9C8F4DF2 /* ELCAssetTablePicker.xib in Resources */ = {isa = PBXBuildFile; fileRef = DFD5AD67BE8D43558E036D38 /* ELCAssetTablePicker.xib */; };
		47C8F4964C7544AF996E5D3F /* Overlay.png in Resources */ = {isa = PBXBuildFile; fileRef = 22B36C3F73A3407D8BA1C6DF /* Overlay.png */; };
		B7E6CAEA1FB44B0486A70D35 /* Overlay@2x.png in Resources */ = {isa = PBXBuildFile; fileRef = 55260E3796AE4F778CF8AFC5 /* Overlay@2x.png */; };
		554B88B8F8B9434EB69CB3BE /* UIImage+CropScaleOrientation.m in Sources */ = {isa = PBXBuildFile; fileRef = BFAAF86F4A3447A6A7463BF8 /* UIImage+CropScaleOrientation.m */; };
		D0EE3962DA404B0582B5D549 /* CDVCamera.m in Sources */ = {isa = PBXBuildFile; fileRef = 6BE30BF74CD048FE9A7401E5 /* CDVCamera.m */; };
		B515D11A94174228BD7DC45B /* CDVJpegHeaderWriter.m in Sources */ = {isa = PBXBuildFile; fileRef = 907A759AAA7B419F9031B392 /* CDVJpegHeaderWriter.m */; };
		77E12CCDB0BB41C8A0F1DC90 /* ImageIO.framework in Frameworks */ = {isa = PBXBuildFile; fileRef = B20398792CBE484DB5AEE608 /* ImageIO.framework */; settings = {ATTRIBUTES = (Weak, ); }; };
		1CA5B0D7C82049A286E89F28 /* CoreLocation.framework in Frameworks */ = {isa = PBXBuildFile; fileRef = 68E2D9A1A9894C6BAC771BDB /* CoreLocation.framework */; };
		6965FA1AF44C4387AD7F6D9E /* AVFoundation.framework in Frameworks */ = {isa = PBXBuildFile; fileRef = 3AB8DDC25DC0416485E33719 /* AVFoundation.framework */; };
		1E5A5BD5A0394F52956A0FDF /* CDVLogger.m in Sources */ = {isa = PBXBuildFile; fileRef = C4F6B68FDD6B4A8CA34CDB68 /* CDVLogger.m */; };
		2DD17548015842F9BD063A6F /* CDVDevice.m in Sources */ = {isa = PBXBuildFile; fileRef = 4DA6D056FAC949078712C5BA /* CDVDevice.m */; };
		5E2DAB90C0CB4A6297F21A62 /* CDVFile.m in Sources */ = {isa = PBXBuildFile; fileRef = 56D65368BCE343DB834CF988 /* CDVFile.m */; };
		F2FAF5342E164BBBA5A9F567 /* CDVLocalFilesystem.m in Sources */ = {isa = PBXBuildFile; fileRef = B8DDCE1DCE4C4D88ACA6DA6D /* CDVLocalFilesystem.m */; };
		3723B92A66F94DCAA2A5B825 /* CDVAssetLibraryFilesystem.m in Sources */ = {isa = PBXBuildFile; fileRef = C1B910908368495FA7E2596F /* CDVAssetLibraryFilesystem.m */; };
		1262A1B836344F9F9EDA473D /* CDVFileTransfer.m in Sources */ = {isa = PBXBuildFile; fileRef = F24FE0C089D344C48A6CB477 /* CDVFileTransfer.m */; };
		464D977229514C34AA0C76EC /* CTPicker.m in Sources */ = {isa = PBXBuildFile; fileRef = 8B1AFF3B693749919960AC87 /* CTPicker.m */; };
		1EFCA8CEA8D54EFCB92C5519 /* QBAlbumCell.m in Sources */ = {isa = PBXBuildFile; fileRef = A41A8EC5350347DEA6296C82 /* QBAlbumCell.m */; };
		9E767DE72472467F85F641D5 /* QBAssetCell.m in Sources */ = {isa = PBXBuildFile; fileRef = 90C5835B8663418B8AB39B7D /* QBAssetCell.m */; };
		B8398D3CCBF74F608D003E38 /* QBCheckmarkView.m in Sources */ = {isa = PBXBuildFile; fileRef = A58697FDD58F46D98E938E5C /* QBCheckmarkView.m */; };
		FEBB02A8D83A434891BFADCE /* QBVideoIconView.m in Sources */ = {isa = PBXBuildFile; fileRef = 84AC0135CE2A4293A4245C5D /* QBVideoIconView.m */; };
		83358BF04E8045F6B57BB894 /* QBSlomoIconView.m in Sources */ = {isa = PBXBuildFile; fileRef = AB12462BA76A4BEB938A6376 /* QBSlomoIconView.m */; };
		7D2F04CC6E5C4997ADB60EE9 /* QBVideoIndicatorView.m in Sources */ = {isa = PBXBuildFile; fileRef = E323D4E46D184BF3983135BA /* QBVideoIndicatorView.m */; };
		3862603F13A9430ABB090BA0 /* QBImagePickerController.m in Sources */ = {isa = PBXBuildFile; fileRef = C6840F10DD164F60B27A3381 /* QBImagePickerController.m */; };
		D91B9C54AF4143D39BCD2A80 /* QBAlbumsViewController.m in Sources */ = {isa = PBXBuildFile; fileRef = B4C2C501D9234009AA03424E /* QBAlbumsViewController.m */; };
		B79D3ECEDDF848829E35095C /* QBAssetsViewController.m in Sources */ = {isa = PBXBuildFile; fileRef = C776F494864742B18515C48E /* QBAssetsViewController.m */; };
		ABF36E2DDD5C476496AC377F /* QBImagePicker.strings in Resources */ = {isa = PBXBuildFile; fileRef = CCC83193BD7A4D3FBF7884E7 /* QBImagePicker.strings */; };
		A93181E62E7D47BBAF99EE89 /* QBImagePicker.storyboard in Resources */ = {isa = PBXBuildFile; fileRef = 5DD3E73F6D764B61889CD33E /* QBImagePicker.storyboard */; };
		89969AC8253B4EDCA792FC7C /* QuartzCore.framework in Frameworks */ = {isa = PBXBuildFile; fileRef = DA36AE6FFE894A628D7E1876 /* QuartzCore.framework */; };
		4982B2E2F86B443F8F2E85E8 /* Photos.framework in Frameworks */ = {isa = PBXBuildFile; fileRef = 619A60DDD5A941CC8FAECD74 /* Photos.framework */; };
		94A5822490CB4C0F83FB9D58 /* CDVCapture.m in Sources */ = {isa = PBXBuildFile; fileRef = 4C770E9F3BD4412BB3EF9304 /* CDVCapture.m */; };
		2031F5CEF92344578DD38F4A /* CDVCapture.bundle in Resources */ = {isa = PBXBuildFile; fileRef = F752CA55F6064434922BD7B2 /* CDVCapture.bundle */; };
		865138AFE1DE4FE78944F65D /* CDVSplashScreen.m in Sources */ = {isa = PBXBuildFile; fileRef = C3EA8543FA1543A18DF59469 /* CDVSplashScreen.m */; };
		4A1B15A3DECE4EE8BFEC089A /* CDVViewController+SplashScreen.m in Sources */ = {isa = PBXBuildFile; fileRef = 2F0F3E15037B4E148EA11135 /* CDVViewController+SplashScreen.m */; };
		EDD8DEB1987A44DCB35647CD /* CDVStatusBar.m in Sources */ = {isa = PBXBuildFile; fileRef = 00625DAE2ADB41C59D274DFE /* CDVStatusBar.m */; };
		413F27CD0D41460BBBA96C26 /* IonicKeyboard.m in Sources */ = {isa = PBXBuildFile; fileRef = D59DF4BB919C446C93EBF3F1 /* IonicKeyboard.m */; };
		AC0816AA11CF4C949F984F5A /* UIWebViewExtension.m in Sources */ = {isa = PBXBuildFile; fileRef = 9622B71569F643E8BCD3AF20 /* UIWebViewExtension.m */; };
/* End PBXBuildFile section */

/* Begin PBXContainerItemProxy section */
		301BF534109A57CC0062928A /* PBXContainerItemProxy */ = {
			isa = PBXContainerItemProxy;
			containerPortal = 301BF52D109A57CC0062928A /* CordovaLib.xcodeproj */;
			proxyType = 2;
			remoteGlobalIDString = D2AAC07E0554694100DB518D;
			remoteInfo = CordovaLib;
		};
		301BF550109A68C00062928A /* PBXContainerItemProxy */ = {
			isa = PBXContainerItemProxy;
			containerPortal = 301BF52D109A57CC0062928A /* CordovaLib.xcodeproj */;
			proxyType = 1;
			remoteGlobalIDString = D2AAC07D0554694100DB518D;
			remoteInfo = CordovaLib;
		};
/* End PBXContainerItemProxy section */

/* Begin PBXFileReference section */
		1D3623240D0F684500981E51 /* AppDelegate.h */ = {isa = PBXFileReference; fileEncoding = 4; lastKnownFileType = sourcecode.c.h; path = AppDelegate.h; sourceTree = "<group>"; };
		1D3623250D0F684500981E51 /* AppDelegate.m */ = {isa = PBXFileReference; fileEncoding = 4; lastKnownFileType = sourcecode.c.objc; path = AppDelegate.m; sourceTree = "<group>"; };
		1D6058910D05DD3D006BFB54 /* Pauline-ionic.app */ = {isa = PBXFileReference; explicitFileType = wrapper.application; includeInIndex = 0; path = "Pauline-ionic.app"; sourceTree = BUILT_PRODUCTS_DIR; };
		1F766FDD13BBADB100FB74C0 /* en */ = {isa = PBXFileReference; lastKnownFileType = text.plist.strings; name = en; path = Localizable.strings; sourceTree = "<group>"; };
		1F766FE013BBADB100FB74C0 /* es */ = {isa = PBXFileReference; lastKnownFileType = text.plist.strings; name = es; path = Localizable.strings; sourceTree = "<group>"; };
		288765FC0DF74451002DB57D /* CoreGraphics.framework */ = {isa = PBXFileReference; lastKnownFileType = wrapper.framework; name = CoreGraphics.framework; path = System/Library/Frameworks/CoreGraphics.framework; sourceTree = SDKROOT; };
		29B97316FDCFA39411CA2CEA /* main.m */ = {isa = PBXFileReference; fileEncoding = 4; lastKnownFileType = sourcecode.c.objc; path = main.m; sourceTree = "<group>"; };
		301BF52D109A57CC0062928A /* CordovaLib.xcodeproj */ = {isa = PBXFileReference; lastKnownFileType = "wrapper.pb-project"; name = CordovaLib.xcodeproj; path = CordovaLib/CordovaLib.xcodeproj; sourceTree = "<group>"; };
		301BF56E109A69640062928A /* www */ = {isa = PBXFileReference; lastKnownFileType = folder; path = www; sourceTree = SOURCE_ROOT; };
		302D95EE14D2391D003F00A1 /* MainViewController.h */ = {isa = PBXFileReference; fileEncoding = 4; lastKnownFileType = sourcecode.c.h; path = MainViewController.h; sourceTree = "<group>"; };
		302D95EF14D2391D003F00A1 /* MainViewController.m */ = {isa = PBXFileReference; fileEncoding = 4; lastKnownFileType = sourcecode.c.objc; path = MainViewController.m; sourceTree = "<group>"; };
		302D95F014D2391D003F00A1 /* MainViewController.xib */ = {isa = PBXFileReference; fileEncoding = 4; lastKnownFileType = file.xib; path = MainViewController.xib; sourceTree = "<group>"; };
		305D5FD0115AB8F900A74A75 /* MobileCoreServices.framework */ = {isa = PBXFileReference; lastKnownFileType = wrapper.framework; name = MobileCoreServices.framework; path = System/Library/Frameworks/MobileCoreServices.framework; sourceTree = SDKROOT; };
		3088BBB7154F3926009F9C59 /* Default-Landscape@2x~ipad.png */ = {isa = PBXFileReference; lastKnownFileType = image.png; path = "Default-Landscape@2x~ipad.png"; sourceTree = "<group>"; };
		3088BBB8154F3926009F9C59 /* Default-Landscape~ipad.png */ = {isa = PBXFileReference; lastKnownFileType = image.png; path = "Default-Landscape~ipad.png"; sourceTree = "<group>"; };
		3088BBB9154F3926009F9C59 /* Default-Portrait@2x~ipad.png */ = {isa = PBXFileReference; lastKnownFileType = image.png; path = "Default-Portrait@2x~ipad.png"; sourceTree = "<group>"; };
		3088BBBA154F3926009F9C59 /* Default-Portrait~ipad.png */ = {isa = PBXFileReference; lastKnownFileType = image.png; path = "Default-Portrait~ipad.png"; sourceTree = "<group>"; };
		3088BBBB154F3926009F9C59 /* Default@2x~iphone.png */ = {isa = PBXFileReference; lastKnownFileType = image.png; path = "Default@2x~iphone.png"; sourceTree = "<group>"; };
		3088BBBC154F3926009F9C59 /* Default~iphone.png */ = {isa = PBXFileReference; lastKnownFileType = image.png; path = "Default~iphone.png"; sourceTree = "<group>"; };
		308D052E1370CCF300D202BF /* icon-72.png */ = {isa = PBXFileReference; lastKnownFileType = image.png; path = "icon-72.png"; sourceTree = "<group>"; };
		308D052F1370CCF300D202BF /* icon.png */ = {isa = PBXFileReference; lastKnownFileType = image.png; path = icon.png; sourceTree = "<group>"; };
		308D05301370CCF300D202BF /* icon@2x.png */ = {isa = PBXFileReference; lastKnownFileType = image.png; path = "icon@2x.png"; sourceTree = "<group>"; };
		30B4F2FD19D5E07200D9F7D8 /* Default-667h.png */ = {isa = PBXFileReference; lastKnownFileType = image.png; path = "Default-667h.png"; sourceTree = "<group>"; };
		30B4F2FE19D5E07200D9F7D8 /* Default-736h.png */ = {isa = PBXFileReference; lastKnownFileType = image.png; path = "Default-736h.png"; sourceTree = "<group>"; };
		30B4F2FF19D5E07200D9F7D8 /* Default-Landscape-736h.png */ = {isa = PBXFileReference; lastKnownFileType = image.png; path = "Default-Landscape-736h.png"; sourceTree = "<group>"; };
		30C1856519D5FC0A00212699 /* icon-60@3x.png */ = {isa = PBXFileReference; lastKnownFileType = image.png; path = "icon-60@3x.png"; sourceTree = "<group>"; };
		30FC414816E50CA1004E6F35 /* icon-72@2x.png */ = {isa = PBXFileReference; lastKnownFileType = image.png; path = "icon-72@2x.png"; sourceTree = "<group>"; };
		32CA4F630368D1EE00C91783 /* Pauline-ionic-Prefix.pch */ = {isa = PBXFileReference; fileEncoding = 4; lastKnownFileType = sourcecode.c.h; path = "Pauline-ionic-Prefix.pch"; sourceTree = "<group>"; };
		5B1594DC16A7569C00FEF299 /* AssetsLibrary.framework */ = {isa = PBXFileReference; lastKnownFileType = wrapper.framework; name = AssetsLibrary.framework; path = System/Library/Frameworks/AssetsLibrary.framework; sourceTree = SDKROOT; };
		7E7966D41810823500FA85AD /* icon-40.png */ = {isa = PBXFileReference; lastKnownFileType = image.png; path = "icon-40.png"; sourceTree = "<group>"; };
		7E7966D51810823500FA85AD /* icon-40@2x.png */ = {isa = PBXFileReference; lastKnownFileType = image.png; path = "icon-40@2x.png"; sourceTree = "<group>"; };
		7E7966D61810823500FA85AD /* icon-50.png */ = {isa = PBXFileReference; lastKnownFileType = image.png; path = "icon-50.png"; sourceTree = "<group>"; };
		7E7966D71810823500FA85AD /* icon-50@2x.png */ = {isa = PBXFileReference; lastKnownFileType = image.png; path = "icon-50@2x.png"; sourceTree = "<group>"; };
		7E7966D81810823500FA85AD /* icon-60.png */ = {isa = PBXFileReference; lastKnownFileType = image.png; path = "icon-60.png"; sourceTree = "<group>"; };
		7E7966D91810823500FA85AD /* icon-60@2x.png */ = {isa = PBXFileReference; lastKnownFileType = image.png; path = "icon-60@2x.png"; sourceTree = "<group>"; };
		7E7966DA1810823500FA85AD /* icon-76.png */ = {isa = PBXFileReference; lastKnownFileType = image.png; path = "icon-76.png"; sourceTree = "<group>"; };
		7E7966DB1810823500FA85AD /* icon-76@2x.png */ = {isa = PBXFileReference; lastKnownFileType = image.png; path = "icon-76@2x.png"; sourceTree = "<group>"; };
		7E7966DC1810823500FA85AD /* icon-small.png */ = {isa = PBXFileReference; lastKnownFileType = image.png; path = "icon-small.png"; sourceTree = "<group>"; };
		7E7966DD1810823500FA85AD /* icon-small@2x.png */ = {isa = PBXFileReference; lastKnownFileType = image.png; path = "icon-small@2x.png"; sourceTree = "<group>"; };
		8D1107310486CEB800E47090 /* Pauline-ionic-Info.plist */ = {isa = PBXFileReference; fileEncoding = 4; lastKnownFileType = text.plist.xml; name = "Pauline-ionic-Info.plist"; path = "../Pauline-ionic-Info.plist"; plistStructureDefinitionIdentifier = "com.apple.xcode.plist.structure-definition.iphone.info-plist"; sourceTree = "<group>"; };
		D4A0D8751607E02300AEF8BB /* Default-568h@2x~iphone.png */ = {isa = PBXFileReference; lastKnownFileType = image.png; path = "Default-568h@2x~iphone.png"; sourceTree = "<group>"; };
		EB87FDF21871DA7A0020F90C /* merges */ = {isa = PBXFileReference; lastKnownFileType = folder; name = merges; path = ../../merges; sourceTree = "<group>"; };
		EB87FDF31871DA8E0020F90C /* www */ = {isa = PBXFileReference; lastKnownFileType = folder; name = www; path = ../../www; sourceTree = "<group>"; };
		EB87FDF41871DAF40020F90C /* config.xml */ = {isa = PBXFileReference; lastKnownFileType = text.xml; name = config.xml; path = ../../config.xml; sourceTree = "<group>"; };
		F840E1F0165FE0F500CFE078 /* config.xml */ = {isa = PBXFileReference; lastKnownFileType = text.xml; name = config.xml; path = "Pauline-ionic/config.xml"; sourceTree = "<group>"; };
		D2D294A24B29421991323981 /* SOSPicker.m */ = {isa = PBXFileReference; lastKnownFileType = sourcecode.c.objc; name = "SOSPicker.m"; path = "com.synconset.imagepicker/SOSPicker.m"; sourceTree = "<group>"; fileEncoding = 4; };
		FD4FBBC5EA44462DABCDB922 /* ELCAlbumPickerController.m */ = {isa = PBXFileReference; lastKnownFileType = sourcecode.c.objc; name = "ELCAlbumPickerController.m"; path = "com.synconset.imagepicker/ELCAlbumPickerController.m"; sourceTree = "<group>"; fileEncoding = 4; };
		2C0EAD2FB34B4CFCBB864803 /* ELCAsset.m */ = {isa = PBXFileReference; lastKnownFileType = sourcecode.c.objc; name = "ELCAsset.m"; path = "com.synconset.imagepicker/ELCAsset.m"; sourceTree = "<group>"; fileEncoding = 4; };
		EAF40299FF544A6989FA4FCA /* ELCAssetCell.m */ = {isa = PBXFileReference; lastKnownFileType = sourcecode.c.objc; name = "ELCAssetCell.m"; path = "com.synconset.imagepicker/ELCAssetCell.m"; sourceTree = "<group>"; fileEncoding = 4; };
		E9B55847C9BD4E5686D17A8E /* ELCAssetTablePicker.m */ = {isa = PBXFileReference; lastKnownFileType = sourcecode.c.objc; name = "ELCAssetTablePicker.m"; path = "com.synconset.imagepicker/ELCAssetTablePicker.m"; sourceTree = "<group>"; fileEncoding = 4; };
		9A21561F00B043FEBAD57166 /* ELCImagePickerController.m */ = {isa = PBXFileReference; lastKnownFileType = sourcecode.c.objc; name = "ELCImagePickerController.m"; path = "com.synconset.imagepicker/ELCImagePickerController.m"; sourceTree = "<group>"; fileEncoding = 4; };
		9B9D1EC64D3B4B1BAC76E658 /* SOSPicker.h */ = {isa = PBXFileReference; lastKnownFileType = sourcecode.c.h; name = "SOSPicker.h"; path = "com.synconset.imagepicker/SOSPicker.h"; sourceTree = "<group>"; fileEncoding = 4; };
		AA06C400E2974F3DA01422EB /* ELCAlbumPickerController.h */ = {isa = PBXFileReference; lastKnownFileType = sourcecode.c.h; name = "ELCAlbumPickerController.h"; path = "com.synconset.imagepicker/ELCAlbumPickerController.h"; sourceTree = "<group>"; fileEncoding = 4; };
		4A12F6E41F18441C8A0BE6E6 /* ELCAsset.h */ = {isa = PBXFileReference; lastKnownFileType = sourcecode.c.h; name = "ELCAsset.h"; path = "com.synconset.imagepicker/ELCAsset.h"; sourceTree = "<group>"; fileEncoding = 4; };
		1BC3368B55484A33AAE0CD1C /* ELCAssetCell.h */ = {isa = PBXFileReference; lastKnownFileType = sourcecode.c.h; name = "ELCAssetCell.h"; path = "com.synconset.imagepicker/ELCAssetCell.h"; sourceTree = "<group>"; fileEncoding = 4; };
		1F85F3AF60E14FBD9C42BD9E /* ELCAssetPickerFilterDelegate.h */ = {isa = PBXFileReference; lastKnownFileType = sourcecode.c.h; name = "ELCAssetPickerFilterDelegate.h"; path = "com.synconset.imagepicker/ELCAssetPickerFilterDelegate.h"; sourceTree = "<group>"; fileEncoding = 4; };
		AF6C6BA4A8D04D3F82326E44 /* ELCAssetSelectionDelegate.h */ = {isa = PBXFileReference; lastKnownFileType = sourcecode.c.h; name = "ELCAssetSelectionDelegate.h"; path = "com.synconset.imagepicker/ELCAssetSelectionDelegate.h"; sourceTree = "<group>"; fileEncoding = 4; };
		F501D04974FE460F80047759 /* ELCAssetTablePicker.h */ = {isa = PBXFileReference; lastKnownFileType = sourcecode.c.h; name = "ELCAssetTablePicker.h"; path = "com.synconset.imagepicker/ELCAssetTablePicker.h"; sourceTree = "<group>"; fileEncoding = 4; };
		87E041B6772C404486B3ED61 /* ELCImagePickerController.h */ = {isa = PBXFileReference; lastKnownFileType = sourcecode.c.h; name = "ELCImagePickerController.h"; path = "com.synconset.imagepicker/ELCImagePickerController.h"; sourceTree = "<group>"; fileEncoding = 4; };
		01EA054503EF4BD1B776A21F /* ELCAlbumPickerController.xib */ = {isa = PBXFileReference; lastKnownFileType = file.xib; name = "ELCAlbumPickerController.xib"; path = "ELCAlbumPickerController.xib"; sourceTree = "<group>"; fileEncoding = 4; };
		02592E121FEA460CB8464AF2 /* ELCAssetPicker.xib */ = {isa = PBXFileReference; lastKnownFileType = file.xib; name = "ELCAssetPicker.xib"; path = "ELCAssetPicker.xib"; sourceTree = "<group>"; fileEncoding = 4; };
		DFD5AD67BE8D43558E036D38 /* ELCAssetTablePicker.xib */ = {isa = PBXFileReference; lastKnownFileType = file.xib; name = "ELCAssetTablePicker.xib"; path = "ELCAssetTablePicker.xib"; sourceTree = "<group>"; fileEncoding = 4; };
		22B36C3F73A3407D8BA1C6DF /* Overlay.png */ = {isa = PBXFileReference; lastKnownFileType = unknown; name = "Overlay.png"; path = "Overlay.png"; sourceTree = "<group>"; fileEncoding = 4; };
		55260E3796AE4F778CF8AFC5 /* Overlay@2x.png */ = {isa = PBXFileReference; lastKnownFileType = unknown; name = "Overlay@2x.png"; path = "Overlay@2x.png"; sourceTree = "<group>"; fileEncoding = 4; };
		BFAAF86F4A3447A6A7463BF8 /* UIImage+CropScaleOrientation.m */ = {isa = PBXFileReference; lastKnownFileType = sourcecode.c.objc; name = "UIImage+CropScaleOrientation.m"; path = "cordova-plugin-camera/UIImage+CropScaleOrientation.m"; sourceTree = "<group>"; fileEncoding = 4; };
		6BE30BF74CD048FE9A7401E5 /* CDVCamera.m */ = {isa = PBXFileReference; lastKnownFileType = sourcecode.c.objc; name = "CDVCamera.m"; path = "cordova-plugin-camera/CDVCamera.m"; sourceTree = "<group>"; fileEncoding = 4; };
		907A759AAA7B419F9031B392 /* CDVJpegHeaderWriter.m */ = {isa = PBXFileReference; lastKnownFileType = sourcecode.c.objc; name = "CDVJpegHeaderWriter.m"; path = "cordova-plugin-camera/CDVJpegHeaderWriter.m"; sourceTree = "<group>"; fileEncoding = 4; };
		0CD95766E8BD4E4D8CAEC309 /* UIImage+CropScaleOrientation.h */ = {isa = PBXFileReference; lastKnownFileType = sourcecode.c.h; name = "UIImage+CropScaleOrientation.h"; path = "cordova-plugin-camera/UIImage+CropScaleOrientation.h"; sourceTree = "<group>"; fileEncoding = 4; };
		F0CC54B9F9B44C108C68484F /* CDVCamera.h */ = {isa = PBXFileReference; lastKnownFileType = sourcecode.c.h; name = "CDVCamera.h"; path = "cordova-plugin-camera/CDVCamera.h"; sourceTree = "<group>"; fileEncoding = 4; };
		36C110C5AD124866B35F03D3 /* CDVJpegHeaderWriter.h */ = {isa = PBXFileReference; lastKnownFileType = sourcecode.c.h; name = "CDVJpegHeaderWriter.h"; path = "cordova-plugin-camera/CDVJpegHeaderWriter.h"; sourceTree = "<group>"; fileEncoding = 4; };
		471A5194B5334B11B48BA1DE /* CDVExif.h */ = {isa = PBXFileReference; lastKnownFileType = sourcecode.c.h; name = "CDVExif.h"; path = "cordova-plugin-camera/CDVExif.h"; sourceTree = "<group>"; fileEncoding = 4; };
		B20398792CBE484DB5AEE608 /* ImageIO.framework */ = {isa = PBXFileReference; lastKnownFileType = wrapper.framework; name = "ImageIO.framework"; path = "System/Library/Frameworks/ImageIO.framework"; sourceTree = SDKROOT; fileEncoding = 4; };
		68E2D9A1A9894C6BAC771BDB /* CoreLocation.framework */ = {isa = PBXFileReference; lastKnownFileType = wrapper.framework; name = "CoreLocation.framework"; path = "System/Library/Frameworks/CoreLocation.framework"; sourceTree = SDKROOT; fileEncoding = 4; };
		3AB8DDC25DC0416485E33719 /* AVFoundation.framework */ = {isa = PBXFileReference; lastKnownFileType = wrapper.framework; name = "AVFoundation.framework"; path = "System/Library/Frameworks/AVFoundation.framework"; sourceTree = SDKROOT; fileEncoding = 4; };
		C4F6B68FDD6B4A8CA34CDB68 /* CDVLogger.m */ = {isa = PBXFileReference; lastKnownFileType = sourcecode.c.objc; name = "CDVLogger.m"; path = "cordova-plugin-console/CDVLogger.m"; sourceTree = "<group>"; fileEncoding = 4; };
		B53394A6C516442289CD00D6 /* CDVLogger.h */ = {isa = PBXFileReference; lastKnownFileType = sourcecode.c.h; name = "CDVLogger.h"; path = "cordova-plugin-console/CDVLogger.h"; sourceTree = "<group>"; fileEncoding = 4; };
		4DA6D056FAC949078712C5BA /* CDVDevice.m */ = {isa = PBXFileReference; lastKnownFileType = sourcecode.c.objc; name = "CDVDevice.m"; path = "cordova-plugin-device/CDVDevice.m"; sourceTree = "<group>"; fileEncoding = 4; };
		91DA5C54868444E6AF022C91 /* CDVDevice.h */ = {isa = PBXFileReference; lastKnownFileType = sourcecode.c.h; name = "CDVDevice.h"; path = "cordova-plugin-device/CDVDevice.h"; sourceTree = "<group>"; fileEncoding = 4; };
		56D65368BCE343DB834CF988 /* CDVFile.m */ = {isa = PBXFileReference; lastKnownFileType = sourcecode.c.objc; name = "CDVFile.m"; path = "cordova-plugin-file/CDVFile.m"; sourceTree = "<group>"; fileEncoding = 4; };
		B8DDCE1DCE4C4D88ACA6DA6D /* CDVLocalFilesystem.m */ = {isa = PBXFileReference; lastKnownFileType = sourcecode.c.objc; name = "CDVLocalFilesystem.m"; path = "cordova-plugin-file/CDVLocalFilesystem.m"; sourceTree = "<group>"; fileEncoding = 4; };
		C1B910908368495FA7E2596F /* CDVAssetLibraryFilesystem.m */ = {isa = PBXFileReference; lastKnownFileType = sourcecode.c.objc; name = "CDVAssetLibraryFilesystem.m"; path = "cordova-plugin-file/CDVAssetLibraryFilesystem.m"; sourceTree = "<group>"; fileEncoding = 4; };
		8662F2FD31084A9DB4834542 /* CDVFile.h */ = {isa = PBXFileReference; lastKnownFileType = sourcecode.c.h; name = "CDVFile.h"; path = "cordova-plugin-file/CDVFile.h"; sourceTree = "<group>"; fileEncoding = 4; };
		8BF7A56A654E4E659CCE8F39 /* CDVLocalFilesystem.h */ = {isa = PBXFileReference; lastKnownFileType = sourcecode.c.h; name = "CDVLocalFilesystem.h"; path = "cordova-plugin-file/CDVLocalFilesystem.h"; sourceTree = "<group>"; fileEncoding = 4; };
		96A43362E965425DB6293931 /* CDVAssetLibraryFilesystem.h */ = {isa = PBXFileReference; lastKnownFileType = sourcecode.c.h; name = "CDVAssetLibraryFilesystem.h"; path = "cordova-plugin-file/CDVAssetLibraryFilesystem.h"; sourceTree = "<group>"; fileEncoding = 4; };
		F24FE0C089D344C48A6CB477 /* CDVFileTransfer.m */ = {isa = PBXFileReference; lastKnownFileType = sourcecode.c.objc; name = "CDVFileTransfer.m"; path = "cordova-plugin-file-transfer/CDVFileTransfer.m"; sourceTree = "<group>"; fileEncoding = 4; };
		2BB0522DA2F34FBBB968D7FB /* CDVFileTransfer.h */ = {isa = PBXFileReference; lastKnownFileType = sourcecode.c.h; name = "CDVFileTransfer.h"; path = "cordova-plugin-file-transfer/CDVFileTransfer.h"; sourceTree = "<group>"; fileEncoding = 4; };
		8B1AFF3B693749919960AC87 /* CTPicker.m */ = {isa = PBXFileReference; lastKnownFileType = sourcecode.c.objc; name = "CTPicker.m"; path = "cordova-plugin-imagepicker/CTPicker.m"; sourceTree = "<group>"; fileEncoding = 4; };
		A41A8EC5350347DEA6296C82 /* QBAlbumCell.m */ = {isa = PBXFileReference; lastKnownFileType = sourcecode.c.objc; name = "QBAlbumCell.m"; path = "cordova-plugin-imagepicker/QBAlbumCell.m"; sourceTree = "<group>"; fileEncoding = 4; };
		90C5835B8663418B8AB39B7D /* QBAssetCell.m */ = {isa = PBXFileReference; lastKnownFileType = sourcecode.c.objc; name = "QBAssetCell.m"; path = "cordova-plugin-imagepicker/QBAssetCell.m"; sourceTree = "<group>"; fileEncoding = 4; };
		A58697FDD58F46D98E938E5C /* QBCheckmarkView.m */ = {isa = PBXFileReference; lastKnownFileType = sourcecode.c.objc; name = "QBCheckmarkView.m"; path = "cordova-plugin-imagepicker/QBCheckmarkView.m"; sourceTree = "<group>"; fileEncoding = 4; };
		84AC0135CE2A4293A4245C5D /* QBVideoIconView.m */ = {isa = PBXFileReference; lastKnownFileType = sourcecode.c.objc; name = "QBVideoIconView.m"; path = "cordova-plugin-imagepicker/QBVideoIconView.m"; sourceTree = "<group>"; fileEncoding = 4; };
		AB12462BA76A4BEB938A6376 /* QBSlomoIconView.m */ = {isa = PBXFileReference; lastKnownFileType = sourcecode.c.objc; name = "QBSlomoIconView.m"; path = "cordova-plugin-imagepicker/QBSlomoIconView.m"; sourceTree = "<group>"; fileEncoding = 4; };
		E323D4E46D184BF3983135BA /* QBVideoIndicatorView.m */ = {isa = PBXFileReference; lastKnownFileType = sourcecode.c.objc; name = "QBVideoIndicatorView.m"; path = "cordova-plugin-imagepicker/QBVideoIndicatorView.m"; sourceTree = "<group>"; fileEncoding = 4; };
		C6840F10DD164F60B27A3381 /* QBImagePickerController.m */ = {isa = PBXFileReference; lastKnownFileType = sourcecode.c.objc; name = "QBImagePickerController.m"; path = "cordova-plugin-imagepicker/QBImagePickerController.m"; sourceTree = "<group>"; fileEncoding = 4; };
		B4C2C501D9234009AA03424E /* QBAlbumsViewController.m */ = {isa = PBXFileReference; lastKnownFileType = sourcecode.c.objc; name = "QBAlbumsViewController.m"; path = "cordova-plugin-imagepicker/QBAlbumsViewController.m"; sourceTree = "<group>"; fileEncoding = 4; };
		C776F494864742B18515C48E /* QBAssetsViewController.m */ = {isa = PBXFileReference; lastKnownFileType = sourcecode.c.objc; name = "QBAssetsViewController.m"; path = "cordova-plugin-imagepicker/QBAssetsViewController.m"; sourceTree = "<group>"; fileEncoding = 4; };
		2A033799F37D4D8ABAA64648 /* CTPicker.h */ = {isa = PBXFileReference; lastKnownFileType = sourcecode.c.h; name = "CTPicker.h"; path = "cordova-plugin-imagepicker/CTPicker.h"; sourceTree = "<group>"; fileEncoding = 4; };
		792B2B7D29984FD583CDF8B1 /* QBAlbumCell.h */ = {isa = PBXFileReference; lastKnownFileType = sourcecode.c.h; name = "QBAlbumCell.h"; path = "cordova-plugin-imagepicker/QBAlbumCell.h"; sourceTree = "<group>"; fileEncoding = 4; };
		CB317B489E14492284BA1D1F /* QBAssetCell.h */ = {isa = PBXFileReference; lastKnownFileType = sourcecode.c.h; name = "QBAssetCell.h"; path = "cordova-plugin-imagepicker/QBAssetCell.h"; sourceTree = "<group>"; fileEncoding = 4; };
		3D31E09775B44D8B85DB0FDD /* QBCheckmarkView.h */ = {isa = PBXFileReference; lastKnownFileType = sourcecode.c.h; name = "QBCheckmarkView.h"; path = "cordova-plugin-imagepicker/QBCheckmarkView.h"; sourceTree = "<group>"; fileEncoding = 4; };
		91D6E497809F4416B4A08120 /* QBVideoIconView.h */ = {isa = PBXFileReference; lastKnownFileType = sourcecode.c.h; name = "QBVideoIconView.h"; path = "cordova-plugin-imagepicker/QBVideoIconView.h"; sourceTree = "<group>"; fileEncoding = 4; };
		BD87225E532441CA9F88727C /* QBSlomoIconView.h */ = {isa = PBXFileReference; lastKnownFileType = sourcecode.c.h; name = "QBSlomoIconView.h"; path = "cordova-plugin-imagepicker/QBSlomoIconView.h"; sourceTree = "<group>"; fileEncoding = 4; };
		69B58FA5CCB6410FBF94A9CF /* QBVideoIndicatorView.h */ = {isa = PBXFileReference; lastKnownFileType = sourcecode.c.h; name = "QBVideoIndicatorView.h"; path = "cordova-plugin-imagepicker/QBVideoIndicatorView.h"; sourceTree = "<group>"; fileEncoding = 4; };
		172FBEF4068542C9BF628A80 /* QBImagePickerController.h */ = {isa = PBXFileReference; lastKnownFileType = sourcecode.c.h; name = "QBImagePickerController.h"; path = "cordova-plugin-imagepicker/QBImagePickerController.h"; sourceTree = "<group>"; fileEncoding = 4; };
		2378BA3E49684A3FA0EAC758 /* QBAlbumsViewController.h */ = {isa = PBXFileReference; lastKnownFileType = sourcecode.c.h; name = "QBAlbumsViewController.h"; path = "cordova-plugin-imagepicker/QBAlbumsViewController.h"; sourceTree = "<group>"; fileEncoding = 4; };
		D2980C07CD004713BC1E34BC /* QBAssetsViewController.h */ = {isa = PBXFileReference; lastKnownFileType = sourcecode.c.h; name = "QBAssetsViewController.h"; path = "cordova-plugin-imagepicker/QBAssetsViewController.h"; sourceTree = "<group>"; fileEncoding = 4; };
		CCC83193BD7A4D3FBF7884E7 /* QBImagePicker.strings */ = {isa = PBXFileReference; lastKnownFileType = unknown; name = "QBImagePicker.strings"; path = "QBImagePicker.strings"; sourceTree = "<group>"; fileEncoding = 4; };
		5DD3E73F6D764B61889CD33E /* QBImagePicker.storyboard */ = {isa = PBXFileReference; lastKnownFileType = unknown; name = "QBImagePicker.storyboard"; path = "QBImagePicker.storyboard"; sourceTree = "<group>"; fileEncoding = 4; };
		DA36AE6FFE894A628D7E1876 /* QuartzCore.framework */ = {isa = PBXFileReference; lastKnownFileType = wrapper.framework; name = "QuartzCore.framework"; path = "System/Library/Frameworks/QuartzCore.framework"; sourceTree = SDKROOT; fileEncoding = 4; };
		619A60DDD5A941CC8FAECD74 /* Photos.framework */ = {isa = PBXFileReference; lastKnownFileType = wrapper.framework; name = "Photos.framework"; path = "System/Library/Frameworks/Photos.framework"; sourceTree = SDKROOT; fileEncoding = 4; };
		4C770E9F3BD4412BB3EF9304 /* CDVCapture.m */ = {isa = PBXFileReference; lastKnownFileType = sourcecode.c.objc; name = "CDVCapture.m"; path = "cordova-plugin-media-capture/CDVCapture.m"; sourceTree = "<group>"; fileEncoding = 4; };
		B018DFDBF9D94545ADCB641C /* CDVCapture.h */ = {isa = PBXFileReference; lastKnownFileType = sourcecode.c.h; name = "CDVCapture.h"; path = "cordova-plugin-media-capture/CDVCapture.h"; sourceTree = "<group>"; fileEncoding = 4; };
		F752CA55F6064434922BD7B2 /* CDVCapture.bundle */ = {isa = PBXFileReference; lastKnownFileType = "wrapper.plug-in"; name = "CDVCapture.bundle"; path = "CDVCapture.bundle"; sourceTree = "<group>"; };
		C3EA8543FA1543A18DF59469 /* CDVSplashScreen.m */ = {isa = PBXFileReference; lastKnownFileType = sourcecode.c.objc; name = "CDVSplashScreen.m"; path = "cordova-plugin-splashscreen/CDVSplashScreen.m"; sourceTree = "<group>"; fileEncoding = 4; };
		2F0F3E15037B4E148EA11135 /* CDVViewController+SplashScreen.m */ = {isa = PBXFileReference; lastKnownFileType = sourcecode.c.objc; name = "CDVViewController+SplashScreen.m"; path = "cordova-plugin-splashscreen/CDVViewController+SplashScreen.m"; sourceTree = "<group>"; fileEncoding = 4; };
		96231BDC91F1413799A0A25A /* CDVSplashScreen.h */ = {isa = PBXFileReference; lastKnownFileType = sourcecode.c.h; name = "CDVSplashScreen.h"; path = "cordova-plugin-splashscreen/CDVSplashScreen.h"; sourceTree = "<group>"; fileEncoding = 4; };
		303880AFE8B8490B9BF53C22 /* CDVViewController+SplashScreen.h */ = {isa = PBXFileReference; lastKnownFileType = sourcecode.c.h; name = "CDVViewController+SplashScreen.h"; path = "cordova-plugin-splashscreen/CDVViewController+SplashScreen.h"; sourceTree = "<group>"; fileEncoding = 4; };
		00625DAE2ADB41C59D274DFE /* CDVStatusBar.m */ = {isa = PBXFileReference; lastKnownFileType = sourcecode.c.objc; name = "CDVStatusBar.m"; path = "cordova-plugin-statusbar/CDVStatusBar.m"; sourceTree = "<group>"; fileEncoding = 4; };
		69DF2F44ABF944E7B8E1E882 /* CDVStatusBar.h */ = {isa = PBXFileReference; lastKnownFileType = sourcecode.c.h; name = "CDVStatusBar.h"; path = "cordova-plugin-statusbar/CDVStatusBar.h"; sourceTree = "<group>"; fileEncoding = 4; };
		D59DF4BB919C446C93EBF3F1 /* IonicKeyboard.m */ = {isa = PBXFileReference; lastKnownFileType = sourcecode.c.objc; name = "IonicKeyboard.m"; path = "ionic-plugin-keyboard/IonicKeyboard.m"; sourceTree = "<group>"; fileEncoding = 4; };
		9622B71569F643E8BCD3AF20 /* UIWebViewExtension.m */ = {isa = PBXFileReference; lastKnownFileType = sourcecode.c.objc; name = "UIWebViewExtension.m"; path = "ionic-plugin-keyboard/UIWebViewExtension.m"; sourceTree = "<group>"; fileEncoding = 4; };
		AD305A3EFA5F437A869AEE93 /* IonicKeyboard.h */ = {isa = PBXFileReference; lastKnownFileType = sourcecode.c.h; name = "IonicKeyboard.h"; path = "ionic-plugin-keyboard/IonicKeyboard.h"; sourceTree = "<group>"; fileEncoding = 4; };
		3C6216FF0C654BE7AB9314D9 /* UIWebViewExtension.h */ = {isa = PBXFileReference; lastKnownFileType = sourcecode.c.h; name = "UIWebViewExtension.h"; path = "ionic-plugin-keyboard/UIWebViewExtension.h"; sourceTree = "<group>"; fileEncoding = 4; };
/* End PBXFileReference section */

/* Begin PBXFrameworksBuildPhase section */
		1D60588F0D05DD3D006BFB54 /* Frameworks */ = {
			isa = PBXFrameworksBuildPhase;
			buildActionMask = 2147483647;
			files = (
				5B1594DD16A7569C00FEF299 /* AssetsLibrary.framework in Frameworks */,
				301BF552109A68D80062928A /* libCordova.a in Frameworks */,
				288765FD0DF74451002DB57D /* CoreGraphics.framework in Frameworks */,
				305D5FD1115AB8F900A74A75 /* MobileCoreServices.framework in Frameworks */,
				77E12CCDB0BB41C8A0F1DC90 /* ImageIO.framework in Frameworks */,
				1CA5B0D7C82049A286E89F28 /* CoreLocation.framework in Frameworks */,
				6965FA1AF44C4387AD7F6D9E /* AVFoundation.framework in Frameworks */,
				89969AC8253B4EDCA792FC7C /* QuartzCore.framework in Frameworks */,
				4982B2E2F86B443F8F2E85E8 /* Photos.framework in Frameworks */,
			);
			runOnlyForDeploymentPostprocessing = 0;
		};
/* End PBXFrameworksBuildPhase section */

/* Begin PBXGroup section */
		080E96DDFE201D6D7F000001 /* Classes */ = {
			isa = PBXGroup;
			children = (
				302D95EE14D2391D003F00A1 /* MainViewController.h */,
				302D95EF14D2391D003F00A1 /* MainViewController.m */,
				302D95F014D2391D003F00A1 /* MainViewController.xib */,
				1D3623240D0F684500981E51 /* AppDelegate.h */,
				1D3623250D0F684500981E51 /* AppDelegate.m */,
			);
			name = Classes;
			path = "Pauline-ionic/Classes";
			sourceTree = SOURCE_ROOT;
		};
		19C28FACFE9D520D11CA2CBB /* Products */ = {
			isa = PBXGroup;
			children = (
				1D6058910D05DD3D006BFB54 /* Pauline-ionic.app */,
			);
			name = Products;
			sourceTree = "<group>";
		};
		29B97314FDCFA39411CA2CEA /* CustomTemplate */ = {
			isa = PBXGroup;
			children = (
				EB87FDF41871DAF40020F90C /* config.xml */,
				EB87FDF31871DA8E0020F90C /* www */,
				EB87FDF21871DA7A0020F90C /* merges */,
				EB87FDF11871DA420020F90C /* Staging */,
				301BF52D109A57CC0062928A /* CordovaLib.xcodeproj */,
				080E96DDFE201D6D7F000001 /* Classes */,
				307C750510C5A3420062BCA9 /* Plugins */,
				29B97315FDCFA39411CA2CEA /* Other Sources */,
				29B97317FDCFA39411CA2CEA /* Resources */,
				29B97323FDCFA39411CA2CEA /* Frameworks */,
				19C28FACFE9D520D11CA2CBB /* Products */,
			);
			name = CustomTemplate;
			sourceTree = "<group>";
		};
		29B97315FDCFA39411CA2CEA /* Other Sources */ = {
			isa = PBXGroup;
			children = (
				32CA4F630368D1EE00C91783 /* Pauline-ionic-Prefix.pch */,
				29B97316FDCFA39411CA2CEA /* main.m */,
			);
			name = "Other Sources";
			path = "Pauline-ionic";
			sourceTree = "<group>";
		};
		29B97317FDCFA39411CA2CEA /* Resources */ = {
			isa = PBXGroup;
			children = (
				308D052D1370CCF300D202BF /* icons */,
				308D05311370CCF300D202BF /* splash */,
				8D1107310486CEB800E47090 /* Pauline-ionic-Info.plist */,
				01EA054503EF4BD1B776A21F /* ELCAlbumPickerController.xib */,
				02592E121FEA460CB8464AF2 /* ELCAssetPicker.xib */,
				DFD5AD67BE8D43558E036D38 /* ELCAssetTablePicker.xib */,
				22B36C3F73A3407D8BA1C6DF /* Overlay.png */,
				55260E3796AE4F778CF8AFC5 /* Overlay@2x.png */,
				CCC83193BD7A4D3FBF7884E7 /* QBImagePicker.strings */,
				5DD3E73F6D764B61889CD33E /* QBImagePicker.storyboard */,
				F752CA55F6064434922BD7B2 /* CDVCapture.bundle */,
			);
			name = Resources;
			path = "Pauline-ionic/Resources";
			sourceTree = "<group>";
		};
		29B97323FDCFA39411CA2CEA /* Frameworks */ = {
			isa = PBXGroup;
			children = (
				5B1594DC16A7569C00FEF299 /* AssetsLibrary.framework */,
				288765FC0DF74451002DB57D /* CoreGraphics.framework */,
				305D5FD0115AB8F900A74A75 /* MobileCoreServices.framework */,
				B20398792CBE484DB5AEE608 /* ImageIO.framework */,
				68E2D9A1A9894C6BAC771BDB /* CoreLocation.framework */,
				3AB8DDC25DC0416485E33719 /* AVFoundation.framework */,
				DA36AE6FFE894A628D7E1876 /* QuartzCore.framework */,
				619A60DDD5A941CC8FAECD74 /* Photos.framework */,
			);
			name = Frameworks;
			sourceTree = "<group>";
		};
		301BF52E109A57CC0062928A /* Products */ = {
			isa = PBXGroup;
			children = (
				301BF535109A57CC0062928A /* libCordova.a */,
			);
			name = Products;
			sourceTree = "<group>";
		};
		307C750510C5A3420062BCA9 /* Plugins */ = {
			isa = PBXGroup;
			children = (
				D2D294A24B29421991323981 /* SOSPicker.m */,
				FD4FBBC5EA44462DABCDB922 /* ELCAlbumPickerController.m */,
				2C0EAD2FB34B4CFCBB864803 /* ELCAsset.m */,
				EAF40299FF544A6989FA4FCA /* ELCAssetCell.m */,
				E9B55847C9BD4E5686D17A8E /* ELCAssetTablePicker.m */,
				9A21561F00B043FEBAD57166 /* ELCImagePickerController.m */,
				9B9D1EC64D3B4B1BAC76E658 /* SOSPicker.h */,
				AA06C400E2974F3DA01422EB /* ELCAlbumPickerController.h */,
				4A12F6E41F18441C8A0BE6E6 /* ELCAsset.h */,
				1BC3368B55484A33AAE0CD1C /* ELCAssetCell.h */,
				1F85F3AF60E14FBD9C42BD9E /* ELCAssetPickerFilterDelegate.h */,
				AF6C6BA4A8D04D3F82326E44 /* ELCAssetSelectionDelegate.h */,
				F501D04974FE460F80047759 /* ELCAssetTablePicker.h */,
				87E041B6772C404486B3ED61 /* ELCImagePickerController.h */,
				BFAAF86F4A3447A6A7463BF8 /* UIImage+CropScaleOrientation.m */,
				6BE30BF74CD048FE9A7401E5 /* CDVCamera.m */,
				907A759AAA7B419F9031B392 /* CDVJpegHeaderWriter.m */,
				0CD95766E8BD4E4D8CAEC309 /* UIImage+CropScaleOrientation.h */,
				F0CC54B9F9B44C108C68484F /* CDVCamera.h */,
				36C110C5AD124866B35F03D3 /* CDVJpegHeaderWriter.h */,
				471A5194B5334B11B48BA1DE /* CDVExif.h */,
				C4F6B68FDD6B4A8CA34CDB68 /* CDVLogger.m */,
				B53394A6C516442289CD00D6 /* CDVLogger.h */,
				4DA6D056FAC949078712C5BA /* CDVDevice.m */,
				91DA5C54868444E6AF022C91 /* CDVDevice.h */,
				56D65368BCE343DB834CF988 /* CDVFile.m */,
				B8DDCE1DCE4C4D88ACA6DA6D /* CDVLocalFilesystem.m */,
				C1B910908368495FA7E2596F /* CDVAssetLibraryFilesystem.m */,
				8662F2FD31084A9DB4834542 /* CDVFile.h */,
				8BF7A56A654E4E659CCE8F39 /* CDVLocalFilesystem.h */,
				96A43362E965425DB6293931 /* CDVAssetLibraryFilesystem.h */,
				F24FE0C089D344C48A6CB477 /* CDVFileTransfer.m */,
				2BB0522DA2F34FBBB968D7FB /* CDVFileTransfer.h */,
				8B1AFF3B693749919960AC87 /* CTPicker.m */,
				A41A8EC5350347DEA6296C82 /* QBAlbumCell.m */,
				90C5835B8663418B8AB39B7D /* QBAssetCell.m */,
				A58697FDD58F46D98E938E5C /* QBCheckmarkView.m */,
				84AC0135CE2A4293A4245C5D /* QBVideoIconView.m */,
				AB12462BA76A4BEB938A6376 /* QBSlomoIconView.m */,
				E323D4E46D184BF3983135BA /* QBVideoIndicatorView.m */,
				C6840F10DD164F60B27A3381 /* QBImagePickerController.m */,
				B4C2C501D9234009AA03424E /* QBAlbumsViewController.m */,
				C776F494864742B18515C48E /* QBAssetsViewController.m */,
				2A033799F37D4D8ABAA64648 /* CTPicker.h */,
				792B2B7D29984FD583CDF8B1 /* QBAlbumCell.h */,
				CB317B489E14492284BA1D1F /* QBAssetCell.h */,
				3D31E09775B44D8B85DB0FDD /* QBCheckmarkView.h */,
				91D6E497809F4416B4A08120 /* QBVideoIconView.h */,
				BD87225E532441CA9F88727C /* QBSlomoIconView.h */,
				69B58FA5CCB6410FBF94A9CF /* QBVideoIndicatorView.h */,
				172FBEF4068542C9BF628A80 /* QBImagePickerController.h */,
				2378BA3E49684A3FA0EAC758 /* QBAlbumsViewController.h */,
				D2980C07CD004713BC1E34BC /* QBAssetsViewController.h */,
				4C770E9F3BD4412BB3EF9304 /* CDVCapture.m */,
				B018DFDBF9D94545ADCB641C /* CDVCapture.h */,
				C3EA8543FA1543A18DF59469 /* CDVSplashScreen.m */,
				2F0F3E15037B4E148EA11135 /* CDVViewController+SplashScreen.m */,
				96231BDC91F1413799A0A25A /* CDVSplashScreen.h */,
				303880AFE8B8490B9BF53C22 /* CDVViewController+SplashScreen.h */,
				00625DAE2ADB41C59D274DFE /* CDVStatusBar.m */,
				69DF2F44ABF944E7B8E1E882 /* CDVStatusBar.h */,
				D59DF4BB919C446C93EBF3F1 /* IonicKeyboard.m */,
				9622B71569F643E8BCD3AF20 /* UIWebViewExtension.m */,
				AD305A3EFA5F437A869AEE93 /* IonicKeyboard.h */,
				3C6216FF0C654BE7AB9314D9 /* UIWebViewExtension.h */,
			);
			name = Plugins;
			path = "Pauline-ionic/Plugins";
			sourceTree = SOURCE_ROOT;
		};
		308D052D1370CCF300D202BF /* icons */ = {
			isa = PBXGroup;
			children = (
				30C1856519D5FC0A00212699 /* icon-60@3x.png */,
				7E7966D41810823500FA85AD /* icon-40.png */,
				7E7966D51810823500FA85AD /* icon-40@2x.png */,
				7E7966D61810823500FA85AD /* icon-50.png */,
				7E7966D71810823500FA85AD /* icon-50@2x.png */,
				7E7966D81810823500FA85AD /* icon-60.png */,
				7E7966D91810823500FA85AD /* icon-60@2x.png */,
				7E7966DA1810823500FA85AD /* icon-76.png */,
				7E7966DB1810823500FA85AD /* icon-76@2x.png */,
				7E7966DC1810823500FA85AD /* icon-small.png */,
				7E7966DD1810823500FA85AD /* icon-small@2x.png */,
				30FC414816E50CA1004E6F35 /* icon-72@2x.png */,
				308D052E1370CCF300D202BF /* icon-72.png */,
				308D052F1370CCF300D202BF /* icon.png */,
				308D05301370CCF300D202BF /* icon@2x.png */,
			);
			path = icons;
			sourceTree = "<group>";
		};
		308D05311370CCF300D202BF /* splash */ = {
			isa = PBXGroup;
			children = (
				30B4F2FD19D5E07200D9F7D8 /* Default-667h.png */,
				30B4F2FE19D5E07200D9F7D8 /* Default-736h.png */,
				30B4F2FF19D5E07200D9F7D8 /* Default-Landscape-736h.png */,
				D4A0D8751607E02300AEF8BB /* Default-568h@2x~iphone.png */,
				3088BBB7154F3926009F9C59 /* Default-Landscape@2x~ipad.png */,
				3088BBB8154F3926009F9C59 /* Default-Landscape~ipad.png */,
				3088BBB9154F3926009F9C59 /* Default-Portrait@2x~ipad.png */,
				3088BBBA154F3926009F9C59 /* Default-Portrait~ipad.png */,
				3088BBBB154F3926009F9C59 /* Default@2x~iphone.png */,
				3088BBBC154F3926009F9C59 /* Default~iphone.png */,
			);
			path = splash;
			sourceTree = "<group>";
		};
		EB87FDF11871DA420020F90C /* Staging */ = {
			isa = PBXGroup;
			children = (
				F840E1F0165FE0F500CFE078 /* config.xml */,
				301BF56E109A69640062928A /* www */,
			);
			name = Staging;
			sourceTree = "<group>";
		};
/* End PBXGroup section */

/* Begin PBXNativeTarget section */
		1D6058900D05DD3D006BFB54 /* Pauline-ionic */ = {
			isa = PBXNativeTarget;
			buildConfigurationList = 1D6058960D05DD3E006BFB54 /* Build configuration list for PBXNativeTarget "Pauline-ionic" */;
			buildPhases = (
				304B58A110DAC018002A0835 /* Copy www directory */,
				1D60588D0D05DD3D006BFB54 /* Resources */,
				1D60588E0D05DD3D006BFB54 /* Sources */,
				1D60588F0D05DD3D006BFB54 /* Frameworks */,
			);
			buildRules = (
			);
			dependencies = (
				301BF551109A68C00062928A /* PBXTargetDependency */,
			);
			name = "Pauline-ionic";
			productName = "Pauline-ionic";
			productReference = 1D6058910D05DD3D006BFB54 /* Pauline-ionic.app */;
			productType = "com.apple.product-type.application";
		};
/* End PBXNativeTarget section */

/* Begin PBXProject section */
		29B97313FDCFA39411CA2CEA /* Project object */ = {
			isa = PBXProject;
			attributes = {
				LastUpgradeCheck = 510;
			};
			buildConfigurationList = C01FCF4E08A954540054247B /* Build configuration list for PBXProject "__CLI__" */;
			compatibilityVersion = "Xcode 3.2";
			developmentRegion = English;
			hasScannedForEncodings = 1;
			knownRegions = (
				English,
				Japanese,
				French,
				German,
				en,
				es,
				de,
				se,
			);
			mainGroup = 29B97314FDCFA39411CA2CEA /* CustomTemplate */;
			projectDirPath = "";
			projectReferences = (
				{
					ProductGroup = 301BF52E109A57CC0062928A /* Products */;
					ProjectRef = 301BF52D109A57CC0062928A /* CordovaLib.xcodeproj */;
				},
			);
			projectRoot = "";
			targets = (
				1D6058900D05DD3D006BFB54 /* Pauline-ionic */,
			);
		};
/* End PBXProject section */

/* Begin PBXReferenceProxy section */
		301BF535109A57CC0062928A /* libCordova.a */ = {
			isa = PBXReferenceProxy;
			fileType = archive.ar;
			path = libCordova.a;
			remoteRef = 301BF534109A57CC0062928A /* PBXContainerItemProxy */;
			sourceTree = BUILT_PRODUCTS_DIR;
		};
/* End PBXReferenceProxy section */

/* Begin PBXResourcesBuildPhase section */
		1D60588D0D05DD3D006BFB54 /* Resources */ = {
			isa = PBXResourcesBuildPhase;
			buildActionMask = 2147483647;
			files = (
				7E7966E41810823500FA85AD /* icon-76.png in Resources */,
				7E7966DF1810823500FA85AD /* icon-40@2x.png in Resources */,
				308D05371370CCF300D202BF /* icon-72.png in Resources */,
				30B4F30119D5E07200D9F7D8 /* Default-736h.png in Resources */,
				308D05381370CCF300D202BF /* icon.png in Resources */,
				308D05391370CCF300D202BF /* icon@2x.png in Resources */,
				302D95F214D2391D003F00A1 /* MainViewController.xib in Resources */,
				7E7966E01810823500FA85AD /* icon-50.png in Resources */,
				7E7966E31810823500FA85AD /* icon-60@2x.png in Resources */,
				7E7966E61810823500FA85AD /* icon-small.png in Resources */,
				3088BBBD154F3926009F9C59 /* Default-Landscape@2x~ipad.png in Resources */,
				3088BBBE154F3926009F9C59 /* Default-Landscape~ipad.png in Resources */,
				3088BBBF154F3926009F9C59 /* Default-Portrait@2x~ipad.png in Resources */,
				7E7966E71810823500FA85AD /* icon-small@2x.png in Resources */,
				3088BBC0154F3926009F9C59 /* Default-Portrait~ipad.png in Resources */,
				30B4F30019D5E07200D9F7D8 /* Default-667h.png in Resources */,
				7E7966DE1810823500FA85AD /* icon-40.png in Resources */,
				3088BBC1154F3926009F9C59 /* Default@2x~iphone.png in Resources */,
				7E7966E21810823500FA85AD /* icon-60.png in Resources */,
				3088BBC2154F3926009F9C59 /* Default~iphone.png in Resources */,
				D4A0D8761607E02300AEF8BB /* Default-568h@2x~iphone.png in Resources */,
				30B4F30219D5E07200D9F7D8 /* Default-Landscape-736h.png in Resources */,
				30C1856619D5FC0A00212699 /* icon-60@3x.png in Resources */,
				7E7966E11810823500FA85AD /* icon-50@2x.png in Resources */,
				7E7966E51810823500FA85AD /* icon-76@2x.png in Resources */,
				30FC414916E50CA1004E6F35 /* icon-72@2x.png in Resources */,
				6D91D750ACEF49859C33706F /* ELCAlbumPickerController.xib in Resources */,
				EBB1D3FCA1C04FD8949AE3DE /* ELCAssetPicker.xib in Resources */,
				A09930D4C79F4EDB9C8F4DF2 /* ELCAssetTablePicker.xib in Resources */,
				47C8F4964C7544AF996E5D3F /* Overlay.png in Resources */,
				B7E6CAEA1FB44B0486A70D35 /* Overlay@2x.png in Resources */,
				ABF36E2DDD5C476496AC377F /* QBImagePicker.strings in Resources */,
				A93181E62E7D47BBAF99EE89 /* QBImagePicker.storyboard in Resources */,
				2031F5CEF92344578DD38F4A /* CDVCapture.bundle in Resources */,
			);
			runOnlyForDeploymentPostprocessing = 0;
		};
/* End PBXResourcesBuildPhase section */

/* Begin PBXShellScriptBuildPhase section */
		304B58A110DAC018002A0835 /* Copy www directory */ = {
			isa = PBXShellScriptBuildPhase;
			buildActionMask = 2147483647;
			files = (
			);
			inputPaths = (
			);
			name = "Copy www directory";
			outputPaths = (
			);
			runOnlyForDeploymentPostprocessing = 0;
			shellPath = /bin/sh;
			shellScript = "NODEJS_PATH=/usr/local/bin; NVM_NODE_PATH=~/.nvm/versions/node/`nvm version 2>/dev/null`/bin; N_NODE_PATH=`find /usr/local/n/versions/node/* -maxdepth 0 -type d 2>/dev/null | tail -1`/bin; XCODE_NODE_PATH=`xcode-select --print-path`/usr/share/xcs/Node/bin; PATH=$NODEJS_PATH:$NVM_NODE_PATH:$N_NODE_PATH:$XCODE_NODE_PATH:$PATH && node cordova/lib/copy-www-build-step.js";
			showEnvVarsInLog = 0;
		};
/* End PBXShellScriptBuildPhase section */

/* Begin PBXSourcesBuildPhase section */
		1D60588E0D05DD3D006BFB54 /* Sources */ = {
			isa = PBXSourcesBuildPhase;
			buildActionMask = 2147483647;
			files = (
				1D60589B0D05DD56006BFB54 /* main.m in Sources */,
				1D3623260D0F684500981E51 /* AppDelegate.m in Sources */,
				302D95F114D2391D003F00A1 /* MainViewController.m in Sources */,
				9B73626A90AB4973B09CF492 /* SOSPicker.m in Sources */,
				04A84328A92B44A29DEB0019 /* ELCAlbumPickerController.m in Sources */,
				055B3880476D48519D841B29 /* ELCAsset.m in Sources */,
				E06FEB7AD3DD46F1A2C326B6 /* ELCAssetCell.m in Sources */,
				603D6DBC7D7D49049C264A0B /* ELCAssetTablePicker.m in Sources */,
				BE4AC8F567434B0DA0CD3233 /* ELCImagePickerController.m in Sources */,
				554B88B8F8B9434EB69CB3BE /* UIImage+CropScaleOrientation.m in Sources */,
				D0EE3962DA404B0582B5D549 /* CDVCamera.m in Sources */,
				B515D11A94174228BD7DC45B /* CDVJpegHeaderWriter.m in Sources */,
				1E5A5BD5A0394F52956A0FDF /* CDVLogger.m in Sources */,
				2DD17548015842F9BD063A6F /* CDVDevice.m in Sources */,
				5E2DAB90C0CB4A6297F21A62 /* CDVFile.m in Sources */,
				F2FAF5342E164BBBA5A9F567 /* CDVLocalFilesystem.m in Sources */,
				3723B92A66F94DCAA2A5B825 /* CDVAssetLibraryFilesystem.m in Sources */,
				1262A1B836344F9F9EDA473D /* CDVFileTransfer.m in Sources */,
				464D977229514C34AA0C76EC /* CTPicker.m in Sources */,
				1EFCA8CEA8D54EFCB92C5519 /* QBAlbumCell.m in Sources */,
				9E767DE72472467F85F641D5 /* QBAssetCell.m in Sources */,
				B8398D3CCBF74F608D003E38 /* QBCheckmarkView.m in Sources */,
				FEBB02A8D83A434891BFADCE /* QBVideoIconView.m in Sources */,
				83358BF04E8045F6B57BB894 /* QBSlomoIconView.m in Sources */,
				7D2F04CC6E5C4997ADB60EE9 /* QBVideoIndicatorView.m in Sources */,
				3862603F13A9430ABB090BA0 /* QBImagePickerController.m in Sources */,
				D91B9C54AF4143D39BCD2A80 /* QBAlbumsViewController.m in Sources */,
				B79D3ECEDDF848829E35095C /* QBAssetsViewController.m in Sources */,
				94A5822490CB4C0F83FB9D58 /* CDVCapture.m in Sources */,
				865138AFE1DE4FE78944F65D /* CDVSplashScreen.m in Sources */,
				4A1B15A3DECE4EE8BFEC089A /* CDVViewController+SplashScreen.m in Sources */,
				EDD8DEB1987A44DCB35647CD /* CDVStatusBar.m in Sources */,
				413F27CD0D41460BBBA96C26 /* IonicKeyboard.m in Sources */,
				AC0816AA11CF4C949F984F5A /* UIWebViewExtension.m in Sources */,
			);
			runOnlyForDeploymentPostprocessing = 0;
		};
/* End PBXSourcesBuildPhase section */

/* Begin PBXTargetDependency section */
		301BF551109A68C00062928A /* PBXTargetDependency */ = {
			isa = PBXTargetDependency;
			name = CordovaLib;
			targetProxy = 301BF550109A68C00062928A /* PBXContainerItemProxy */;
		};
/* End PBXTargetDependency section */

/* Begin XCBuildConfiguration section */
		1D6058940D05DD3E006BFB54 /* Debug */ = {
			isa = XCBuildConfiguration;
			buildSettings = {
				ALWAYS_SEARCH_USER_PATHS = NO;
				CLANG_ENABLE_OBJC_ARC = YES;
				COPY_PHASE_STRIP = NO;
				GCC_DYNAMIC_NO_PIC = NO;
				GCC_OPTIMIZATION_LEVEL = 0;
				GCC_PRECOMPILE_PREFIX_HEADER = YES;
				GCC_PREFIX_HEADER = "Pauline-ionic/Pauline-ionic-Prefix.pch";
				GCC_THUMB_SUPPORT = NO;
				GCC_VERSION = "";
				INFOPLIST_FILE = "Pauline-ionic/Pauline-ionic-Info.plist";
				IPHONEOS_DEPLOYMENT_TARGET = 6.0;
				OTHER_LDFLAGS = (
					"-weak_framework",
					CoreFoundation,
					"-weak_framework",
					UIKit,
					"-weak_framework",
					AVFoundation,
					"-weak_framework",
					CoreMedia,
					"-weak-lSystem",
					"-ObjC",
				);
				PRODUCT_NAME = "Pauline-ionic";
				TARGETED_DEVICE_FAMILY = "1,2";
			};
			name = Debug;
		};
		1D6058950D05DD3E006BFB54 /* Release */ = {
			isa = XCBuildConfiguration;
			buildSettings = {
				ALWAYS_SEARCH_USER_PATHS = NO;
				CLANG_ENABLE_OBJC_ARC = YES;
				COPY_PHASE_STRIP = YES;
				GCC_PRECOMPILE_PREFIX_HEADER = YES;
				GCC_PREFIX_HEADER = "Pauline-ionic/Pauline-ionic-Prefix.pch";
				GCC_THUMB_SUPPORT = NO;
				GCC_VERSION = "";
				INFOPLIST_FILE = "Pauline-ionic/Pauline-ionic-Info.plist";
				IPHONEOS_DEPLOYMENT_TARGET = 6.0;
				OTHER_LDFLAGS = (
					"-weak_framework",
					CoreFoundation,
					"-weak_framework",
					UIKit,
					"-weak_framework",
					AVFoundation,
					"-weak_framework",
					CoreMedia,
					"-weak-lSystem",
					"-ObjC",
				);
				PRODUCT_NAME = "Pauline-ionic";
				TARGETED_DEVICE_FAMILY = "1,2";
			};
			name = Release;
		};
		C01FCF4F08A954540054247B /* Debug */ = {
			isa = XCBuildConfiguration;
			buildSettings = {
				CLANG_ENABLE_OBJC_ARC = YES;
				CLANG_WARN_BOOL_CONVERSION = YES;
				CLANG_WARN_CONSTANT_CONVERSION = YES;
				CLANG_WARN_EMPTY_BODY = YES;
				CLANG_WARN_ENUM_CONVERSION = YES;
				CLANG_WARN_INT_CONVERSION = YES;
				CLANG_WARN__DUPLICATE_METHOD_MATCH = YES;
				"CODE_SIGN_IDENTITY[sdk=iphoneos*]" = "iPhone Developer";
				GCC_C_LANGUAGE_STANDARD = c99;
				GCC_THUMB_SUPPORT = NO;
				GCC_VERSION = "";
				GCC_WARN_ABOUT_RETURN_TYPE = YES;
				GCC_WARN_UNDECLARED_SELECTOR = YES;
				GCC_WARN_UNINITIALIZED_AUTOS = YES;
				GCC_WARN_UNUSED_FUNCTION = YES;
				GCC_WARN_UNUSED_VARIABLE = YES;
				HEADER_SEARCH_PATHS = (
					"\"$(TARGET_BUILD_DIR)/usr/local/lib/include\"",
					"\"$(OBJROOT)/UninstalledProducts/include\"",
					"\"$(BUILT_PRODUCTS_DIR)\"",
				);
				IPHONEOS_DEPLOYMENT_TARGET = 6.0;
				ONLY_ACTIVE_ARCH = YES;
				OTHER_LDFLAGS = (
					"-weak_framework",
					CoreFoundation,
					"-weak_framework",
					UIKit,
					"-weak_framework",
					AVFoundation,
					"-weak_framework",
					CoreMedia,
					"-weak-lSystem",
					"-ObjC",
				);
				SDKROOT = iphoneos;
				SKIP_INSTALL = NO;
				USER_HEADER_SEARCH_PATHS = "";
			};
			name = Debug;
		};
		C01FCF5008A954540054247B /* Release */ = {
			isa = XCBuildConfiguration;
			buildSettings = {
				CLANG_ENABLE_OBJC_ARC = YES;
				CLANG_WARN_BOOL_CONVERSION = YES;
				CLANG_WARN_CONSTANT_CONVERSION = YES;
				CLANG_WARN_EMPTY_BODY = YES;
				CLANG_WARN_ENUM_CONVERSION = YES;
				CLANG_WARN_INT_CONVERSION = YES;
				CLANG_WARN__DUPLICATE_METHOD_MATCH = YES;
				"CODE_SIGN_IDENTITY[sdk=iphoneos*]" = "iPhone Developer";
				GCC_C_LANGUAGE_STANDARD = c99;
				GCC_THUMB_SUPPORT = NO;
				GCC_VERSION = "";
				GCC_WARN_ABOUT_RETURN_TYPE = YES;
				GCC_WARN_UNDECLARED_SELECTOR = YES;
				GCC_WARN_UNINITIALIZED_AUTOS = YES;
				GCC_WARN_UNUSED_FUNCTION = YES;
				GCC_WARN_UNUSED_VARIABLE = YES;
				HEADER_SEARCH_PATHS = (
					"\"$(TARGET_BUILD_DIR)/usr/local/lib/include\"",
					"\"$(OBJROOT)/UninstalledProducts/include\"",
					"\"$(BUILT_PRODUCTS_DIR)\"",
					"\"$(OBJROOT)/UninstalledProducts/$(PLATFORM_NAME)/include\"",
				);
				IPHONEOS_DEPLOYMENT_TARGET = 6.0;
				OTHER_LDFLAGS = (
					"-weak_framework",
					CoreFoundation,
					"-weak_framework",
					UIKit,
					"-weak_framework",
					AVFoundation,
					"-weak_framework",
					CoreMedia,
					"-weak-lSystem",
					"-ObjC",
				);
				SDKROOT = iphoneos;
				SKIP_INSTALL = NO;
				USER_HEADER_SEARCH_PATHS = "";
			};
			name = Release;
		};
/* End XCBuildConfiguration section */

/* Begin XCConfigurationList section */
		1D6058960D05DD3E006BFB54 /* Build configuration list for PBXNativeTarget "Pauline-ionic" */ = {
			isa = XCConfigurationList;
			buildConfigurations = (
				1D6058940D05DD3E006BFB54 /* Debug */,
				1D6058950D05DD3E006BFB54 /* Release */,
			);
			defaultConfigurationIsVisible = 0;
			defaultConfigurationName = Release;
		};
		C01FCF4E08A954540054247B /* Build configuration list for PBXProject "__CLI__" */ = {
			isa = XCConfigurationList;
			buildConfigurations = (
				C01FCF4F08A954540054247B /* Debug */,
				C01FCF5008A954540054247B /* Release */,
			);
			defaultConfigurationIsVisible = 0;
			defaultConfigurationName = Release;
		};
/* End XCConfigurationList section */
	};
	rootObject = 29B97313FDCFA39411CA2CEA /* Project object */;
}
